
Microsoft Visual Studio Solution File, Format Version 12.00
# Visual Studio Version 16
VisualStudioVersion = 16.0.29519.87
MinimumVisualStudioVersion = 10.0.40219.1
Project("{FAE04EC0-301F-11D3-BF4B-00C04F79EFBC}") = "WebSocketClient", "WebSocketClient\WebSocketClient.csproj", "{6B6F4A6E-C209-4FE9-AC86-91B466F5228B}"
EndProject
Global
	GlobalSection(SolutionConfigurationPlatforms) = preSolution
		Debug|Any CPU = Debug|Any CPU
		Release|Any CPU = Release|Any CPU
	EndGlobalSection
	GlobalSection(ProjectConfigurationPlatforms) = postSolution
		{6B6F4A6E-C209-4FE9-AC86-91B466F5228B}.Debug|Any CPU.ActiveCfg = Debug|Any CPU
		{6B6F4A6E-C209-4FE9-AC86-91B466F5228B}.Debug|Any CPU.Build.0 = Debug|Any CPU
		{6B6F4A6E-C209-4FE9-AC86-91B466F5228B}.Release|Any CPU.ActiveCfg = Release|Any CPU
		{6B6F4A6E-C209-4FE9-AC86-91B466F5228B}.Release|Any CPU.Build.0 = Release|Any CPU
	EndGlobalSection
	GlobalSection(SolutionProperties) = preSolution
		HideSolutionNode = FALSE
	EndGlobalSection
	GlobalSection(ExtensibilityGlobals) = postSolution
		SolutionGuid = {90286B02-1D29-4CE9-BC4E-473DC4D4BFFE}
	EndGlobalSection
EndGlobal
